{
  "name": "aipi_frontend",
  "lockfileVersion": 2,
  "requires": true,
  "packages": {
    "": {
      "dependencies": {
        "@fontsource/league-spartan": "^4.5.12"
      }
    },
    "node_modules/@fontsource/league-spartan": {
      "version": "4.5.12",
      "resolved": "https://registry.npmjs.org/@fontsource/league-spartan/-/league-spartan-4.5.12.tgz",
      "integrity": "sha512-pB+aVcE7zS5BllIrwkE1AwTQNzQMcSGZi1FTZFrqXcwHPSkoAre+MHE9rFPI3+w4WswMrCuFRYu5IKxm9tvmuw=="
    }
  },
  "dependencies": {
    "@fontsource/league-spartan": {
      "version": "4.5.12",
      "resolved": "https://registry.npmjs.org/@fontsource/league-spartan/-/league-spartan-4.5.12.tgz",
      "integrity": "sha512-pB+aVcE7zS5BllIrwkE1AwTQNzQMcSGZi1FTZFrqXcwHPSkoAre+MHE9rFPI3+w4WswMrCuFRYu5IKxm9tvmuw=="
    }
  }
}
